<?xml version="1.0" encoding="utf-8"?>
<Project ToolsVersion="4.0" xmlns="http://schemas.microsoft.com/developer/msbuild/2003">
  <ItemGroup>
    <Filter Include="Source Files">
      <UniqueIdentifier>{4FC737F1-C7A5-4376-A066-2A32D752A2FF}</UniqueIdentifier>
      <Extensions>cpp;c;cc;cxx;def;odl;idl;hpj;bat;asm;asmx</Extensions>
    </Filter>
    <Filter Include="Header Files">
      <UniqueIdentifier>{93995380-89BD-4b04-88EB-625FBE52EBFB}</UniqueIdentifier>
      <Extensions>h;hh;hpp;hxx;hm;inl;inc;xsd</Extensions>
    </Filter>
    <Filter Include="Resource Files">
      <UniqueIdentifier>{67DA6AB6-F800-4c08-8B7A-83BB121AAD01}</UniqueIdentifier>
      <Extensions>rc;ico;cur;bmp;dlg;rc2;rct;bin;rgs;gif;jpg;jpeg;jpe;resx;tiff;tif;png;wav;mfcribbon-ms</Extensions>
    </Filter>
    <Filter Include="Header Files\Sorting">
      <UniqueIdentifier>{c04b8031-4ec8-4eb0-91c6-3e18996f588e}</UniqueIdentifier>
    </Filter>
    <Filter Include="Header Files\Searching">
      <UniqueIdentifier>{60daf46f-8049-4bdc-b707-63e63ae3ca09}</UniqueIdentifier>
    </Filter>
    <Filter Include="Header Files\Graph">
      <UniqueIdentifier>{14fb1350-6095-4ff3-be2f-8266bde6983a}</UniqueIdentifier>
    </Filter>
    <Filter Include="Header Files\String">
      <UniqueIdentifier>{8a4771e4-21d1-4671-b01b-47d21c17e7cf}</UniqueIdentifier>
    </Filter>
  </ItemGroup>
  <ItemGroup>
    <ClInclude Include="stdafx.h">
      <Filter>Header Files</Filter>
    </ClInclude>
    <ClInclude Include="targetver.h">
      <Filter>Header Files</Filter>
    </ClInclude>
    <ClInclude Include="Sorting\ElementarySorts.h">
      <Filter>Header Files\Sorting</Filter>
    </ClInclude>
    <ClInclude Include="Sorting\MergeSort.h">
      <Filter>Header Files\Sorting</Filter>
    </ClInclude>
    <ClInclude Include="Sorting\QuickSort.h">
      <Filter>Header Files\Sorting</Filter>
    </ClInclude>
    <ClInclude Include="Sorting\PriorityQueue.h">
      <Filter>Header Files\Sorting</Filter>
    </ClInclude>
    <ClInclude Include="Searching\BinarySearchTree.h">
      <Filter>Header Files\Searching</Filter>
    </ClInclude>
    <ClInclude Include="Searching\BalancedSearchTree.h">
      <Filter>Header Files\Searching</Filter>
    </ClInclude>
    <ClInclude Include="Graph\DirectGraph.h">
      <Filter>Header Files\Graph</Filter>
    </ClInclude>
    <ClInclude Include="Graph\MinimumSpanningTree.h">
      <Filter>Header Files\Graph</Filter>
    </ClInclude>
    <ClInclude Include="String\StringSort.h">
      <Filter>Header Files\String</Filter>
    </ClInclude>
    <ClInclude Include="Graph\ShortestPath.h">
      <Filter>Header Files\Graph</Filter>
    </ClInclude>
    <ClInclude Include="String\Trie.h">
      <Filter>Header Files\String</Filter>
    </ClInclude>
    <ClInclude Include="String\SubstringSearch.h">
      <Filter>Header Files\String</Filter>
    </ClInclude>
    <ClInclude Include="String\RegularExpression.h">
      <Filter>Header Files\String</Filter>
    </ClInclude>
    <ClInclude Include="String\DataCompression.h">
      <Filter>Header Files\String</Filter>
    </ClInclude>
  </ItemGroup>
  <ItemGroup>
    <ClCompile Include="stdafx.cpp">
      <Filter>Source Files</Filter>
    </ClCompile>
    <ClCompile Include="Algorithms-4thEdition.cpp">
      <Filter>Source Files</Filter>
    </ClCompile>
  </ItemGroup>
</Project>